
Microsoft Visual Studio Solution File, Format Version 12.00
# Visual Studio 15
VisualStudioVersion = 15.0.28307.421
MinimumVisualStudioVersion = 10.0.40219.1
Project("{00D1A9C2-B5F0-4AF3-8072-F6C62B433612}") = "Projekt_git", "Projekt_git\Projekt_git.sqlproj", "{47B0E2B1-1F01-428A-AEB9-1F3E9E05E17A}"
EndProject
Global
	GlobalSection(SolutionConfigurationPlatforms) = preSolution
		Debug|Any CPU = Debug|Any CPU
		Release|Any CPU = Release|Any CPU
	EndGlobalSection
	GlobalSection(ProjectConfigurationPlatforms) = postSolution
		{47B0E2B1-1F01-428A-AEB9-1F3E9E05E17A}.Debug|Any CPU.ActiveCfg = Debug|Any CPU
		{47B0E2B1-1F01-428A-AEB9-1F3E9E05E17A}.Debug|Any CPU.Build.0 = Debug|Any CPU
		{47B0E2B1-1F01-428A-AEB9-1F3E9E05E17A}.Debug|Any CPU.Deploy.0 = Debug|Any CPU
		{47B0E2B1-1F01-428A-AEB9-1F3E9E05E17A}.Release|Any CPU.ActiveCfg = Release|Any CPU
		{47B0E2B1-1F01-428A-AEB9-1F3E9E05E17A}.Release|Any CPU.Build.0 = Release|Any CPU
		{47B0E2B1-1F01-428A-AEB9-1F3E9E05E17A}.Release|Any CPU.Deploy.0 = Release|Any CPU
	EndGlobalSection
	GlobalSection(SolutionProperties) = preSolution
		HideSolutionNode = FALSE
	EndGlobalSection
	GlobalSection(ExtensibilityGlobals) = postSolution
		SolutionGuid = {4159461B-5A13-42CB-931C-91E37C3292F7}
	EndGlobalSection
EndGlobal
